// !$*UTF8*$!
{
	archiveVersion = 1;
	classes = {
	};
	objectVersion = 46;
	objects = {

/* Begin PBXBuildFile section */
		134E94E11D159C4B001C1F7D /* TransitionAnimator.swift in Sources */ = {isa = PBXBuildFile; fileRef = 134E94DF1D159C4B001C1F7D /* TransitionAnimator.swift */; };
		134E94E21D159C4B001C1F7D /* UIKitExtensions.swift in Sources */ = {isa = PBXBuildFile; fileRef = 134E94E01D159C4B001C1F7D /* UIKitExtensions.swift */; };
		134E94E51D159C56001C1F7D /* CenterContainmentSegue.swift in Sources */ = {isa = PBXBuildFile; fileRef = 134E94E31D159C56001C1F7D /* CenterContainmentSegue.swift */; };
		13A757F11D12A2A0004488DA /* SideMenuController.framework in Frameworks */ = {isa = PBXBuildFile; fileRef = 13A757E61D12A2A0004488DA /* SideMenuController.framework */; };
		13A758041D12A2F5004488DA /* SideMenuController.h in Headers */ = {isa = PBXBuildFile; fileRef = 13A758011D12A2F5004488DA /* SideMenuController.h */; settings = {ATTRIBUTES = (Public, ); }; };
		13A758051D12A2F5004488DA /* SideMenuController.swift in Sources */ = {isa = PBXBuildFile; fileRef = 13A758021D12A2F5004488DA /* SideMenuController.swift */; };
		13A7580A1D12A32A004488DA /* SideMenuControllerTests.swift in Sources */ = {isa = PBXBuildFile; fileRef = 13A758071D12A303004488DA /* SideMenuControllerTests.swift */; };
		13A7586D1D12A61B004488DA /* SideContainmentSegue.swift in Sources */ = {isa = PBXBuildFile; fileRef = 13A7586C1D12A61B004488DA /* SideContainmentSegue.swift */; };
		13F653271D3E007300700656 /* SideMenuController+CustomTypes.swift in Sources */ = {isa = PBXBuildFile; fileRef = 13F653241D3E007300700656 /* SideMenuController+CustomTypes.swift */; };
		13F653281D3E007300700656 /* SideMenuController+SideOver.swift in Sources */ = {isa = PBXBuildFile; fileRef = 13F653251D3E007300700656 /* SideMenuController+SideOver.swift */; };
		13F653291D3E007300700656 /* SideMenuController+SideUnder.swift in Sources */ = {isa = PBXBuildFile; fileRef = 13F653261D3E007300700656 /* SideMenuController+SideUnder.swift */; };
/* End PBXBuildFile section */

/* Begin PBXContainerItemProxy section */
		13A757F21D12A2A0004488DA /* PBXContainerItemProxy */ = {
			isa = PBXContainerItemProxy;
			containerPortal = 13A757DD1D12A2A0004488DA /* Project object */;
			proxyType = 1;
			remoteGlobalIDString = 13A757E51D12A2A0004488DA;
			remoteInfo = SideMenuController;
		};
/* End PBXContainerItemProxy section */

/* Begin PBXFileReference section */
		134E94DF1D159C4B001C1F7D /* TransitionAnimator.swift */ = {isa = PBXFileReference; fileEncoding = 4; lastKnownFileType = sourcecode.swift; name = TransitionAnimator.swift; path = Source/TransitionAnimator.swift; sourceTree = SOURCE_ROOT; };
		134E94E01D159C4B001C1F7D /* UIKitExtensions.swift */ = {isa = PBXFileReference; fileEncoding = 4; lastKnownFileType = sourcecode.swift; name = UIKitExtensions.swift; path = Source/UIKitExtensions.swift; sourceTree = SOURCE_ROOT; };
		134E94E31D159C56001C1F7D /* CenterContainmentSegue.swift */ = {isa = PBXFileReference; fileEncoding = 4; lastKnownFileType = sourcecode.swift; name = CenterContainmentSegue.swift; path = Source/CenterContainmentSegue.swift; sourceTree = SOURCE_ROOT; };
		13A757E61D12A2A0004488DA /* SideMenuController.framework */ = {isa = PBXFileReference; explicitFileType = wrapper.framework; includeInIndex = 0; path = SideMenuController.framework; sourceTree = BUILT_PRODUCTS_DIR; };
		13A757F01D12A2A0004488DA /* SideMenuControllerTests.xctest */ = {isa = PBXFileReference; explicitFileType = wrapper.cfbundle; includeInIndex = 0; path = SideMenuControllerTests.xctest; sourceTree = BUILT_PRODUCTS_DIR; };
		13A758001D12A2F5004488DA /* Info.plist */ = {isa = PBXFileReference; fileEncoding = 4; lastKnownFileType = text.plist.xml; name = Info.plist; path = Source/Info.plist; sourceTree = SOURCE_ROOT; };
		13A758011D12A2F5004488DA /* SideMenuController.h */ = {isa = PBXFileReference; fileEncoding = 4; lastKnownFileType = sourcecode.c.h; name = SideMenuController.h; path = Source/SideMenuController.h; sourceTree = SOURCE_ROOT; };
		13A758021D12A2F5004488DA /* SideMenuController.swift */ = {isa = PBXFileReference; fileEncoding = 4; lastKnownFileType = sourcecode.swift; name = SideMenuController.swift; path = Source/SideMenuController.swift; sourceTree = SOURCE_ROOT; };
		13A758061D12A303004488DA /* Info.plist */ = {isa = PBXFileReference; fileEncoding = 4; lastKnownFileType = text.plist.xml; name = Info.plist; path = Tests/Info.plist; sourceTree = SOURCE_ROOT; };
		13A758071D12A303004488DA /* SideMenuControllerTests.swift */ = {isa = PBXFileReference; fileEncoding = 4; lastKnownFileType = sourcecode.swift; name = SideMenuControllerTests.swift; path = Tests/SideMenuControllerTests.swift; sourceTree = SOURCE_ROOT; };
		13A7586C1D12A61B004488DA /* SideContainmentSegue.swift */ = {isa = PBXFileReference; fileEncoding = 4; lastKnownFileType = sourcecode.swift; name = SideContainmentSegue.swift; path = Source/SideContainmentSegue.swift; sourceTree = SOURCE_ROOT; };
		13F653241D3E007300700656 /* SideMenuController+CustomTypes.swift */ = {isa = PBXFileReference; fileEncoding = 4; lastKnownFileType = sourcecode.swift; name = "SideMenuController+CustomTypes.swift"; path = "Source/SideMenuController+CustomTypes.swift"; sourceTree = SOURCE_ROOT; };
		13F653251D3E007300700656 /* SideMenuController+SideOver.swift */ = {isa = PBXFileReference; fileEncoding = 4; lastKnownFileType = sourcecode.swift; name = "SideMenuController+SideOver.swift"; path = "Source/SideMenuController+SideOver.swift"; sourceTree = SOURCE_ROOT; };
		13F653261D3E007300700656 /* SideMenuController+SideUnder.swift */ = {isa = PBXFileReference; fileEncoding = 4; lastKnownFileType = sourcecode.swift; name = "SideMenuController+SideUnder.swift"; path = "Source/SideMenuController+SideUnder.swift"; sourceTree = SOURCE_ROOT; };
/* End PBXFileReference section */

/* Begin PBXFrameworksBuildPhase section */
		13A757E21D12A2A0004488DA /* Frameworks */ = {
			isa = PBXFrameworksBuildPhase;
			buildActionMask = 2147483647;
			files = (
			);
			runOnlyForDeploymentPostprocessing = 0;
		};
		13A757ED1D12A2A0004488DA /* Frameworks */ = {
			isa = PBXFrameworksBuildPhase;
			buildActionMask = 2147483647;
			files = (
				13A757F11D12A2A0004488DA /* SideMenuController.framework in Frameworks */,
			);
			runOnlyForDeploymentPostprocessing = 0;
		};
/* End PBXFrameworksBuildPhase section */

/* Begin PBXGroup section */
		13A757DC1D12A2A0004488DA = {
			isa = PBXGroup;
			children = (
				13A757E81D12A2A0004488DA /* SideMenuController */,
				13A757F41D12A2A0004488DA /* SideMenuControllerTests */,
				13A757E71D12A2A0004488DA /* Products */,
			);
			sourceTree = "<group>";
		};
		13A757E71D12A2A0004488DA /* Products */ = {
			isa = PBXGroup;
			children = (
				13A757E61D12A2A0004488DA /* SideMenuController.framework */,
				13A757F01D12A2A0004488DA /* SideMenuControllerTests.xctest */,
			);
			name = Products;
			sourceTree = "<group>";
		};
		13A757E81D12A2A0004488DA /* SideMenuController */ = {
			isa = PBXGroup;
			children = (
				13A7586A1D12A504004488DA /* Sources */,
				13A758001D12A2F5004488DA /* Info.plist */,
				13A758011D12A2F5004488DA /* SideMenuController.h */,
			);
			path = SideMenuController;
			sourceTree = "<group>";
		};
		13A757F41D12A2A0004488DA /* SideMenuControllerTests */ = {
			isa = PBXGroup;
			children = (
				13A758061D12A303004488DA /* Info.plist */,
				13A758071D12A303004488DA /* SideMenuControllerTests.swift */,
			);
			path = SideMenuControllerTests;
			sourceTree = "<group>";
		};
		13A7586A1D12A504004488DA /* Sources */ = {
			isa = PBXGroup;
			children = (
				13AC23481D39187A0087E25F /* SideMenuController */,
				134E94DF1D159C4B001C1F7D /* TransitionAnimator.swift */,
				134E94E01D159C4B001C1F7D /* UIKitExtensions.swift */,
				13A7586B1D12A5E9004488DA /* Segues */,
			);
			name = Sources;
			sourceTree = "<group>";
		};
		13A7586B1D12A5E9004488DA /* Segues */ = {
			isa = PBXGroup;
			children = (
				134E94E31D159C56001C1F7D /* CenterContainmentSegue.swift */,
				13A7586C1D12A61B004488DA /* SideContainmentSegue.swift */,
			);
			name = Segues;
			sourceTree = "<group>";
		};
		13AC23481D39187A0087E25F /* SideMenuController */ = {
			isa = PBXGroup;
			children = (
				13F653241D3E007300700656 /* SideMenuController+CustomTypes.swift */,
				13F653251D3E007300700656 /* SideMenuController+SideOver.swift */,
				13F653261D3E007300700656 /* SideMenuController+SideUnder.swift */,
				13A758021D12A2F5004488DA /* SideMenuController.swift */,
			);
			name = SideMenuController;
			sourceTree = "<group>";
		};
/* End PBXGroup section */

/* Begin PBXHeadersBuildPhase section */
		13A757E31D12A2A0004488DA /* Headers */ = {
			isa = PBXHeadersBuildPhase;
			buildActionMask = 2147483647;
			files = (
				13A758041D12A2F5004488DA /* SideMenuController.h in Headers */,
			);
			runOnlyForDeploymentPostprocessing = 0;
		};
/* End PBXHeadersBuildPhase section */

/* Begin PBXNativeTarget section */
		13A757E51D12A2A0004488DA /* SideMenuController */ = {
			isa = PBXNativeTarget;
			buildConfigurationList = 13A757FA1D12A2A0004488DA /* Build configuration list for PBXNativeTarget "SideMenuController" */;
			buildPhases = (
				13A757E11D12A2A0004488DA /* Sources */,
				13A757E21D12A2A0004488DA /* Frameworks */,
				13A757E31D12A2A0004488DA /* Headers */,
				13A757E41D12A2A0004488DA /* Resources */,
			);
			buildRules = (
			);
			dependencies = (
			);
			name = SideMenuController;
			productName = SideMenuController;
			productReference = 13A757E61D12A2A0004488DA /* SideMenuController.framework */;
			productType = "com.apple.product-type.framework";
		};
		13A757EF1D12A2A0004488DA /* SideMenuControllerTests */ = {
			isa = PBXNativeTarget;
			buildConfigurationList = 13A757FD1D12A2A0004488DA /* Build configuration list for PBXNativeTarget "SideMenuControllerTests" */;
			buildPhases = (
				13A757EC1D12A2A0004488DA /* Sources */,
				13A757ED1D12A2A0004488DA /* Frameworks */,
				13A757EE1D12A2A0004488DA /* Resources */,
			);
			buildRules = (
			);
			dependencies = (
				13A757F31D12A2A0004488DA /* PBXTargetDependency */,
			);
			name = SideMenuControllerTests;
			productName = SideMenuControllerTests;
			productReference = 13A757F01D12A2A0004488DA /* SideMenuControllerTests.xctest */;
			productType = "com.apple.product-type.bundle.unit-test";
		};
/* End PBXNativeTarget section */

/* Begin PBXProject section */
		13A757DD1D12A2A0004488DA /* Project object */ = {
			isa = PBXProject;
			attributes = {
				LastSwiftUpdateCheck = 0730;
				LastUpgradeCheck = 0800;
				ORGANIZATIONNAME = teodorpatras;
				TargetAttributes = {
					13A757E51D12A2A0004488DA = {
						CreatedOnToolsVersion = 7.3.1;
						LastSwiftMigration = 0800;
					};
					13A757EF1D12A2A0004488DA = {
						CreatedOnToolsVersion = 7.3.1;
						LastSwiftMigration = 0800;
					};
				};
			};
			buildConfigurationList = 13A757E01D12A2A0004488DA /* Build configuration list for PBXProject "SideMenuController" */;
			compatibilityVersion = "Xcode 3.2";
			developmentRegion = English;
			hasScannedForEncodings = 0;
			knownRegions = (
				en,
			);
			mainGroup = 13A757DC1D12A2A0004488DA;
			productRefGroup = 13A757E71D12A2A0004488DA /* Products */;
			projectDirPath = "";
			projectRoot = "";
			targets = (
				13A757E51D12A2A0004488DA /* SideMenuController */,
				13A757EF1D12A2A0004488DA /* SideMenuControllerTests */,
			);
		};
/* End PBXProject section */

/* Begin PBXResourcesBuildPhase section */
		13A757E41D12A2A0004488DA /* Resources */ = {
			isa = PBXResourcesBuildPhase;
			buildActionMask = 2147483647;
			files = (
			);
			runOnlyForDeploymentPostprocessing = 0;
		};
		13A757EE1D12A2A0004488DA /* Resources */ = {
			isa = PBXResourcesBuildPhase;
			buildActionMask = 2147483647;
			files = (
			);
			runOnlyForDeploymentPostprocessing = 0;
		};
/* End PBXResourcesBuildPhase section */

/* Begin PBXSourcesBuildPhase section */
		13A757E11D12A2A0004488DA /* Sources */ = {
			isa = PBXSourcesBuildPhase;
			buildActionMask = 2147483647;
			files = (
				13A758051D12A2F5004488DA /* SideMenuController.swift in Sources */,
				134E94E11D159C4B001C1F7D /* TransitionAnimator.swift in Sources */,
				13A7586D1D12A61B004488DA /* SideContainmentSegue.swift in Sources */,
				134E94E21D159C4B001C1F7D /* UIKitExtensions.swift in Sources */,
				13F653281D3E007300700656 /* SideMenuController+SideOver.swift in Sources */,
				13F653291D3E007300700656 /* SideMenuController+SideUnder.swift in Sources */,
				13F653271D3E007300700656 /* SideMenuController+CustomTypes.swift in Sources */,
				134E94E51D159C56001C1F7D /* CenterContainmentSegue.swift in Sources */,
			);
			runOnlyForDeploymentPostprocessing = 0;
		};
		13A757EC1D12A2A0004488DA /* Sources */ = {
			isa = PBXSourcesBuildPhase;
			buildActionMask = 2147483647;
			files = (
				13A7580A1D12A32A004488DA /* SideMenuControllerTests.swift in Sources */,
			);
			runOnlyForDeploymentPostprocessing = 0;
		};
/* End PBXSourcesBuildPhase section */

/* Begin PBXTargetDependency section */
		13A757F31D12A2A0004488DA /* PBXTargetDependency */ = {
			isa = PBXTargetDependency;
			target = 13A757E51D12A2A0004488DA /* SideMenuController */;
			targetProxy = 13A757F21D12A2A0004488DA /* PBXContainerItemProxy */;
		};
/* End PBXTargetDependency section */

/* Begin XCBuildConfiguration section */
		13A757F81D12A2A0004488DA /* Debug */ = {
			isa = XCBuildConfiguration;
			buildSettings = {
				ALWAYS_SEARCH_USER_PATHS = NO;
				CLANG_ANALYZER_NONNULL = YES;
				CLANG_CXX_LANGUAGE_STANDARD = "gnu++0x";
				CLANG_CXX_LIBRARY = "libc++";
				CLANG_ENABLE_MODULES = YES;
				CLANG_ENABLE_OBJC_ARC = YES;
				CLANG_WARN_BOOL_CONVERSION = YES;
				CLANG_WARN_CONSTANT_CONVERSION = YES;
				CLANG_WARN_DIRECT_OBJC_ISA_USAGE = YES_ERROR;
				CLANG_WARN_EMPTY_BODY = YES;
				CLANG_WARN_ENUM_CONVERSION = YES;
				CLANG_WARN_INFINITE_RECURSION = YES;
				CLANG_WARN_INT_CONVERSION = YES;
				CLANG_WARN_OBJC_ROOT_CLASS = YES_ERROR;
				CLANG_WARN_SUSPICIOUS_MOVE = YES;
				CLANG_WARN_UNREACHABLE_CODE = YES;
				CLANG_WARN__DUPLICATE_METHOD_MATCH = YES;
				"CODE_SIGN_IDENTITY[sdk=iphoneos*]" = "iPhone Developer";
				COPY_PHASE_STRIP = NO;
				CURRENT_PROJECT_VERSION = 1;
				DEBUG_INFORMATION_FORMAT = dwarf;
				ENABLE_STRICT_OBJC_MSGSEND = YES;
				ENABLE_TESTABILITY = YES;
				GCC_C_LANGUAGE_STANDARD = gnu99;
				GCC_DYNAMIC_NO_PIC = NO;
				GCC_NO_COMMON_BLOCKS = YES;
				GCC_OPTIMIZATION_LEVEL = 0;
				GCC_PREPROCESSOR_DEFINITIONS = (
					"DEBUG=1",
					"$(inherited)",
				);
				GCC_WARN_64_TO_32_BIT_CONVERSION = YES;
				GCC_WARN_ABOUT_RETURN_TYPE = YES_ERROR;
				GCC_WARN_UNDECLARED_SELECTOR = YES;
				GCC_WARN_UNINITIALIZED_AUTOS = YES_AGGRESSIVE;
				GCC_WARN_UNUSED_FUNCTION = YES;
				GCC_WARN_UNUSED_VARIABLE = YES;
				IPHONEOS_DEPLOYMENT_TARGET = 9.3;
				MTL_ENABLE_DEBUG_INFO = YES;
				ONLY_ACTIVE_ARCH = YES;
				SDKROOT = iphoneos;
				SWIFT_OPTIMIZATION_LEVEL = "-Onone";
				TARGETED_DEVICE_FAMILY = "1,2";
				VERSIONING_SYSTEM = "apple-generic";
				VERSION_INFO_PREFIX = "";
			};
			name = Debug;
		};
		13A757F91D12A2A0004488DA /* Release */ = {
			isa = XCBuildConfiguration;
			buildSettings = {
				ALWAYS_SEARCH_USER_PATHS = NO;
				CLANG_ANALYZER_NONNULL = YES;
				CLANG_CXX_LANGUAGE_STANDARD = "gnu++0x";
				CLANG_CXX_LIBRARY = "libc++";
				CLANG_ENABLE_MODULES = YES;
				CLANG_ENABLE_OBJC_ARC = YES;
				CLANG_WARN_BOOL_CONVERSION = YES;
				CLANG_WARN_CONSTANT_CONVERSION = YES;
				CLANG_WARN_DIRECT_OBJC_ISA_USAGE = YES_ERROR;
				CLANG_WARN_EMPTY_BODY = YES;
				CLANG_WARN_ENUM_CONVERSION = YES;
				CLANG_WARN_INFINITE_RECURSION = YES;
				CLANG_WARN_INT_CONVERSION = YES;
				CLANG_WARN_OBJC_ROOT_CLASS = YES_ERROR;
				CLANG_WARN_SUSPICIOUS_MOVE = YES;
				CLANG_WARN_UNREACHABLE_CODE = YES;
				CLANG_WARN__DUPLICATE_METHOD_MATCH = YES;
				"CODE_SIGN_IDENTITY[sdk=iphoneos*]" = "iPhone Developer";
				COPY_PHASE_STRIP = NO;
				CURRENT_PROJECT_VERSION = 1;
				DEBUG_INFORMATION_FORMAT = "dwarf-with-dsym";
				ENABLE_NS_ASSERTIONS = NO;
				ENABLE_STRICT_OBJC_MSGSEND = YES;
				GCC_C_LANGUAGE_STANDARD = gnu99;
				GCC_NO_COMMON_BLOCKS = YES;
				GCC_WARN_64_TO_32_BIT_CONVERSION = YES;
				GCC_WARN_ABOUT_RETURN_TYPE = YES_ERROR;
				GCC_WARN_UNDECLARED_SELECTOR = YES;
				GCC_WARN_UNINITIALIZED_AUTOS = YES_AGGRESSIVE;
				GCC_WARN_UNUSED_FUNCTION = YES;
				GCC_WARN_UNUSED_VARIABLE = YES;
				IPHONEOS_DEPLOYMENT_TARGET = 9.3;
				MTL_ENABLE_DEBUG_INFO = NO;
				SDKROOT = iphoneos;
				SWIFT_OPTIMIZATION_LEVEL = "-Owholemodule";
				TARGETED_DEVICE_FAMILY = "1,2";
				VALIDATE_PRODUCT = YES;
				VERSIONING_SYSTEM = "apple-generic";
				VERSION_INFO_PREFIX = "";
			};
			name = Release;
		};
		13A757FB1D12A2A0004488DA /* Debug */ = {
			isa = XCBuildConfiguration;
			buildSettings = {
				CLANG_ENABLE_MODULES = YES;
				"CODE_SIGN_IDENTITY[sdk=iphoneos*]" = "";
				DEFINES_MODULE = YES;
				DYLIB_COMPATIBILITY_VERSION = 1;
				DYLIB_CURRENT_VERSION = 1;
				DYLIB_INSTALL_NAME_BASE = "@rpath";
				INFOPLIST_FILE = Source/Info.plist;
				INSTALL_PATH = "$(LOCAL_LIBRARY_DIR)/Frameworks";
				IPHONEOS_DEPLOYMENT_TARGET = 8.0;
				LD_RUNPATH_SEARCH_PATHS = "$(inherited) @executable_path/Frameworks @loader_path/Frameworks";
				PRODUCT_BUNDLE_IDENTIFIER = com.teodorpatras.SideMenuController;
				PRODUCT_NAME = "$(TARGET_NAME)";
				SKIP_INSTALL = YES;
				SWIFT_OPTIMIZATION_LEVEL = "-Onone";
				SWIFT_VERSION = 3.0;
			};
			name = Debug;
		};
		13A757FC1D12A2A0004488DA /* Release */ = {
			isa = XCBuildConfiguration;
			buildSettings = {
				CLANG_ENABLE_MODULES = YES;
				"CODE_SIGN_IDENTITY[sdk=iphoneos*]" = "";
				DEFINES_MODULE = YES;
				DYLIB_COMPATIBILITY_VERSION = 1;
				DYLIB_CURRENT_VERSION = 1;
				DYLIB_INSTALL_NAME_BASE = "@rpath";
				INFOPLIST_FILE = Source/Info.plist;
				INSTALL_PATH = "$(LOCAL_LIBRARY_DIR)/Frameworks";
				IPHONEOS_DEPLOYMENT_TARGET = 8.0;
				LD_RUNPATH_SEARCH_PATHS = "$(inherited) @executable_path/Frameworks @loader_path/Frameworks";
				PRODUCT_BUNDLE_IDENTIFIER = com.teodorpatras.SideMenuController;
				PRODUCT_NAME = "$(TARGET_NAME)";
				SKIP_INSTALL = YES;
				SWIFT_VERSION = 3.0;
			};
			name = Release;
		};
		13A757FE1D12A2A0004488DA /* Debug */ = {
			isa = XCBuildConfiguration;
			buildSettings = {
				INFOPLIST_FILE = Tests/Info.plist;
				LD_RUNPATH_SEARCH_PATHS = "$(inherited) @executable_path/Frameworks @loader_path/Frameworks";
				PRODUCT_BUNDLE_IDENTIFIER = com.teodorpatras.SideMenuControllerTests;
				PRODUCT_NAME = "$(TARGET_NAME)";
				SWIFT_VERSION = 3.0;
			};
			name = Debug;
		};
		13A757FF1D12A2A0004488DA /* Release */ = {
			isa = XCBuildConfiguration;
			buildSettings = {
				INFOPLIST_FILE = Tests/Info.plist;
				LD_RUNPATH_SEARCH_PATHS = "$(inherited) @executable_path/Frameworks @loader_path/Frameworks";
				PRODUCT_BUNDLE_IDENTIFIER = com.teodorpatras.SideMenuControllerTests;
				PRODUCT_NAME = "$(TARGET_NAME)";
				SWIFT_VERSION = 3.0;
			};
			name = Release;
		};
/* End XCBuildConfiguration section */

/* Begin XCConfigurationList section */
		13A757E01D12A2A0004488DA /* Build configuration list for PBXProject "SideMenuController" */ = {
			isa = XCConfigurationList;
			buildConfigurations = (
				13A757F81D12A2A0004488DA /* Debug */,
				13A757F91D12A2A0004488DA /* Release */,
			);
			defaultConfigurationIsVisible = 0;
			defaultConfigurationName = Release;
		};
		13A757FA1D12A2A0004488DA /* Build configuration list for PBXNativeTarget "SideMenuController" */ = {
			isa = XCConfigurationList;
			buildConfigurations = (
				13A757FB1D12A2A0004488DA /* Debug */,
				13A757FC1D12A2A0004488DA /* Release */,
			);
			defaultConfigurationIsVisible = 0;
			defaultConfigurationName = Release;
		};
		13A757FD1D12A2A0004488DA /* Build configuration list for PBXNativeTarget "SideMenuControllerTests" */ = {
			isa = XCConfigurationList;
			buildConfigurations = (
				13A757FE1D12A2A0004488DA /* Debug */,
				13A757FF1D12A2A0004488DA /* Release */,
			);
			defaultConfigurationIsVisible = 0;
			defaultConfigurationName = Release;
		};
/* End XCConfigurationList section */
	};
	rootObject = 13A757DD1D12A2A0004488DA /* Project object */;
}
