// !$*UTF8*$!
{
	archiveVersion = 1;
	classes = {
	};
	objectVersion = 46;
	objects = {

/* Begin PBXBuildFile section */
		132DF7E51AAB736A00386405 /* AppDelegate.swift in Sources */ = {isa = PBXBuildFile; fileRef = 132DF7E41AAB736A00386405 /* AppDelegate.swift */; };
		132DF7E71AAB736A00386405 /* ViewController.swift in Sources */ = {isa = PBXBuildFile; fileRef = 132DF7E61AAB736A00386405 /* ViewController.swift */; };
		132DF7EA1AAB736A00386405 /* Main.storyboard in Resources */ = {isa = PBXBuildFile; fileRef = 132DF7E81AAB736A00386405 /* Main.storyboard */; };
		132DF7EC1AAB736A00386405 /* Images.xcassets in Resources */ = {isa = PBXBuildFile; fileRef = 132DF7EB1AAB736A00386405 /* Images.xcassets */; };
		132DF7EF1AAB736A00386405 /* LaunchScreen.xib in Resources */ = {isa = PBXBuildFile; fileRef = 132DF7ED1AAB736A00386405 /* LaunchScreen.xib */; };
		132DF7FB1AAB736A00386405 /* SideMenuControllerTests.swift in Sources */ = {isa = PBXBuildFile; fileRef = 132DF7FA1AAB736A00386405 /* SideMenuControllerTests.swift */; };
		132DF8061AAB738D00386405 /* SideMenuController.swift in Sources */ = {isa = PBXBuildFile; fileRef = 132DF8051AAB738D00386405 /* SideMenuController.swift */; };
		132DF8081AAB753E00386405 /* CenterViewController.swift in Sources */ = {isa = PBXBuildFile; fileRef = 132DF8071AAB753E00386405 /* CenterViewController.swift */; };
		132DF80A1AAB754D00386405 /* OptionsViewController.swift in Sources */ = {isa = PBXBuildFile; fileRef = 132DF8091AAB754D00386405 /* OptionsViewController.swift */; };
		132DF80C1AAB7ACA00386405 /* ModalViewController.swift in Sources */ = {isa = PBXBuildFile; fileRef = 132DF80B1AAB7ACA00386405 /* ModalViewController.swift */; };
/* End PBXBuildFile section */

/* Begin PBXContainerItemProxy section */
		132DF7F51AAB736A00386405 /* PBXContainerItemProxy */ = {
			isa = PBXContainerItemProxy;
			containerPortal = 132DF7D71AAB736A00386405 /* Project object */;
			proxyType = 1;
			remoteGlobalIDString = 132DF7DE1AAB736A00386405;
			remoteInfo = SideMenuController;
		};
/* End PBXContainerItemProxy section */

/* Begin PBXFileReference section */
		132DF7DF1AAB736A00386405 /* SideMenuController.app */ = {isa = PBXFileReference; explicitFileType = wrapper.application; includeInIndex = 0; path = SideMenuController.app; sourceTree = BUILT_PRODUCTS_DIR; };
		132DF7E31AAB736A00386405 /* Info.plist */ = {isa = PBXFileReference; lastKnownFileType = text.plist.xml; path = Info.plist; sourceTree = "<group>"; };
		132DF7E41AAB736A00386405 /* AppDelegate.swift */ = {isa = PBXFileReference; lastKnownFileType = sourcecode.swift; path = AppDelegate.swift; sourceTree = "<group>"; };
		132DF7E61AAB736A00386405 /* ViewController.swift */ = {isa = PBXFileReference; lastKnownFileType = sourcecode.swift; path = ViewController.swift; sourceTree = "<group>"; };
		132DF7E91AAB736A00386405 /* Base */ = {isa = PBXFileReference; lastKnownFileType = file.storyboard; name = Base; path = Base.lproj/Main.storyboard; sourceTree = "<group>"; };
		132DF7EB1AAB736A00386405 /* Images.xcassets */ = {isa = PBXFileReference; lastKnownFileType = folder.assetcatalog; path = Images.xcassets; sourceTree = "<group>"; };
		132DF7EE1AAB736A00386405 /* Base */ = {isa = PBXFileReference; lastKnownFileType = file.xib; name = Base; path = Base.lproj/LaunchScreen.xib; sourceTree = "<group>"; };
		132DF7F41AAB736A00386405 /* SideMenuControllerTests.xctest */ = {isa = PBXFileReference; explicitFileType = wrapper.cfbundle; includeInIndex = 0; path = SideMenuControllerTests.xctest; sourceTree = BUILT_PRODUCTS_DIR; };
		132DF7F91AAB736A00386405 /* Info.plist */ = {isa = PBXFileReference; lastKnownFileType = text.plist.xml; path = Info.plist; sourceTree = "<group>"; };
		132DF7FA1AAB736A00386405 /* SideMenuControllerTests.swift */ = {isa = PBXFileReference; lastKnownFileType = sourcecode.swift; path = SideMenuControllerTests.swift; sourceTree = "<group>"; };
		132DF8051AAB738D00386405 /* SideMenuController.swift */ = {isa = PBXFileReference; fileEncoding = 4; lastKnownFileType = sourcecode.swift; path = SideMenuController.swift; sourceTree = "<group>"; };
		132DF8071AAB753E00386405 /* CenterViewController.swift */ = {isa = PBXFileReference; fileEncoding = 4; lastKnownFileType = sourcecode.swift; path = CenterViewController.swift; sourceTree = "<group>"; };
		132DF8091AAB754D00386405 /* OptionsViewController.swift */ = {isa = PBXFileReference; fileEncoding = 4; lastKnownFileType = sourcecode.swift; path = OptionsViewController.swift; sourceTree = "<group>"; };
		132DF80B1AAB7ACA00386405 /* ModalViewController.swift */ = {isa = PBXFileReference; fileEncoding = 4; lastKnownFileType = sourcecode.swift; path = ModalViewController.swift; sourceTree = "<group>"; };
/* End PBXFileReference section */

/* Begin PBXFrameworksBuildPhase section */
		132DF7DC1AAB736A00386405 /* Frameworks */ = {
			isa = PBXFrameworksBuildPhase;
			buildActionMask = 2147483647;
			files = (
			);
			runOnlyForDeploymentPostprocessing = 0;
		};
		132DF7F11AAB736A00386405 /* Frameworks */ = {
			isa = PBXFrameworksBuildPhase;
			buildActionMask = 2147483647;
			files = (
			);
			runOnlyForDeploymentPostprocessing = 0;
		};
/* End PBXFrameworksBuildPhase section */

/* Begin PBXGroup section */
		132DF7D61AAB736A00386405 = {
			isa = PBXGroup;
			children = (
				132DF7E11AAB736A00386405 /* SideMenuController */,
				132DF7F71AAB736A00386405 /* SideMenuControllerTests */,
				132DF7E01AAB736A00386405 /* Products */,
			);
			sourceTree = "<group>";
		};
		132DF7E01AAB736A00386405 /* Products */ = {
			isa = PBXGroup;
			children = (
				132DF7DF1AAB736A00386405 /* SideMenuController.app */,
				132DF7F41AAB736A00386405 /* SideMenuControllerTests.xctest */,
			);
			name = Products;
			sourceTree = "<group>";
		};
		132DF7E11AAB736A00386405 /* SideMenuController */ = {
			isa = PBXGroup;
			children = (
				132DF80B1AAB7ACA00386405 /* ModalViewController.swift */,
				132DF8091AAB754D00386405 /* OptionsViewController.swift */,
				132DF8071AAB753E00386405 /* CenterViewController.swift */,
				132DF8041AAB736F00386405 /* SideMenuController */,
				132DF7E41AAB736A00386405 /* AppDelegate.swift */,
				132DF7E61AAB736A00386405 /* ViewController.swift */,
				132DF7E81AAB736A00386405 /* Main.storyboard */,
				132DF7EB1AAB736A00386405 /* Images.xcassets */,
				132DF7ED1AAB736A00386405 /* LaunchScreen.xib */,
				132DF7E21AAB736A00386405 /* Supporting Files */,
			);
			path = SideMenuController;
			sourceTree = "<group>";
		};
		132DF7E21AAB736A00386405 /* Supporting Files */ = {
			isa = PBXGroup;
			children = (
				132DF7E31AAB736A00386405 /* Info.plist */,
			);
			name = "Supporting Files";
			sourceTree = "<group>";
		};
		132DF7F71AAB736A00386405 /* SideMenuControllerTests */ = {
			isa = PBXGroup;
			children = (
				132DF7FA1AAB736A00386405 /* SideMenuControllerTests.swift */,
				132DF7F81AAB736A00386405 /* Supporting Files */,
			);
			path = SideMenuControllerTests;
			sourceTree = "<group>";
		};
		132DF7F81AAB736A00386405 /* Supporting Files */ = {
			isa = PBXGroup;
			children = (
				132DF7F91AAB736A00386405 /* Info.plist */,
			);
			name = "Supporting Files";
			sourceTree = "<group>";
		};
		132DF8041AAB736F00386405 /* SideMenuController */ = {
			isa = PBXGroup;
			children = (
				132DF8051AAB738D00386405 /* SideMenuController.swift */,
			);
			name = SideMenuController;
			sourceTree = "<group>";
		};
/* End PBXGroup section */

/* Begin PBXNativeTarget section */
		132DF7DE1AAB736A00386405 /* SideMenuController */ = {
			isa = PBXNativeTarget;
			buildConfigurationList = 132DF7FE1AAB736A00386405 /* Build configuration list for PBXNativeTarget "SideMenuController" */;
			buildPhases = (
				132DF7DB1AAB736A00386405 /* Sources */,
				132DF7DC1AAB736A00386405 /* Frameworks */,
				132DF7DD1AAB736A00386405 /* Resources */,
			);
			buildRules = (
			);
			dependencies = (
			);
			name = SideMenuController;
			productName = SideMenuController;
			productReference = 132DF7DF1AAB736A00386405 /* SideMenuController.app */;
			productType = "com.apple.product-type.application";
		};
		132DF7F31AAB736A00386405 /* SideMenuControllerTests */ = {
			isa = PBXNativeTarget;
			buildConfigurationList = 132DF8011AAB736A00386405 /* Build configuration list for PBXNativeTarget "SideMenuControllerTests" */;
			buildPhases = (
				132DF7F01AAB736A00386405 /* Sources */,
				132DF7F11AAB736A00386405 /* Frameworks */,
				132DF7F21AAB736A00386405 /* Resources */,
			);
			buildRules = (
			);
			dependencies = (
				132DF7F61AAB736A00386405 /* PBXTargetDependency */,
			);
			name = SideMenuControllerTests;
			productName = SideMenuControllerTests;
			productReference = 132DF7F41AAB736A00386405 /* SideMenuControllerTests.xctest */;
			productType = "com.apple.product-type.bundle.unit-test";
		};
/* End PBXNativeTarget section */

/* Begin PBXProject section */
		132DF7D71AAB736A00386405 /* Project object */ = {
			isa = PBXProject;
			attributes = {
				LastSwiftMigration = 0720;
				LastSwiftUpdateCheck = 0720;
				LastUpgradeCheck = 0610;
				ORGANIZATIONNAME = "Teodor Patras";
				TargetAttributes = {
					132DF7DE1AAB736A00386405 = {
						CreatedOnToolsVersion = 6.1.1;
					};
					132DF7F31AAB736A00386405 = {
						CreatedOnToolsVersion = 6.1.1;
						TestTargetID = 132DF7DE1AAB736A00386405;
					};
				};
			};
			buildConfigurationList = 132DF7DA1AAB736A00386405 /* Build configuration list for PBXProject "SideMenuController" */;
			compatibilityVersion = "Xcode 3.2";
			developmentRegion = English;
			hasScannedForEncodings = 0;
			knownRegions = (
				en,
				Base,
			);
			mainGroup = 132DF7D61AAB736A00386405;
			productRefGroup = 132DF7E01AAB736A00386405 /* Products */;
			projectDirPath = "";
			projectRoot = "";
			targets = (
				132DF7DE1AAB736A00386405 /* SideMenuController */,
				132DF7F31AAB736A00386405 /* SideMenuControllerTests */,
			);
		};
/* End PBXProject section */

/* Begin PBXResourcesBuildPhase section */
		132DF7DD1AAB736A00386405 /* Resources */ = {
			isa = PBXResourcesBuildPhase;
			buildActionMask = 2147483647;
			files = (
				132DF7EA1AAB736A00386405 /* Main.storyboard in Resources */,
				132DF7EF1AAB736A00386405 /* LaunchScreen.xib in Resources */,
				132DF7EC1AAB736A00386405 /* Images.xcassets in Resources */,
			);
			runOnlyForDeploymentPostprocessing = 0;
		};
		132DF7F21AAB736A00386405 /* Resources */ = {
			isa = PBXResourcesBuildPhase;
			buildActionMask = 2147483647;
			files = (
			);
			runOnlyForDeploymentPostprocessing = 0;
		};
/* End PBXResourcesBuildPhase section */

/* Begin PBXSourcesBuildPhase section */
		132DF7DB1AAB736A00386405 /* Sources */ = {
			isa = PBXSourcesBuildPhase;
			buildActionMask = 2147483647;
			files = (
				132DF7E71AAB736A00386405 /* ViewController.swift in Sources */,
				132DF8081AAB753E00386405 /* CenterViewController.swift in Sources */,
				132DF8061AAB738D00386405 /* SideMenuController.swift in Sources */,
				132DF7E51AAB736A00386405 /* AppDelegate.swift in Sources */,
				132DF80C1AAB7ACA00386405 /* ModalViewController.swift in Sources */,
				132DF80A1AAB754D00386405 /* OptionsViewController.swift in Sources */,
			);
			runOnlyForDeploymentPostprocessing = 0;
		};
		132DF7F01AAB736A00386405 /* Sources */ = {
			isa = PBXSourcesBuildPhase;
			buildActionMask = 2147483647;
			files = (
				132DF7FB1AAB736A00386405 /* SideMenuControllerTests.swift in Sources */,
			);
			runOnlyForDeploymentPostprocessing = 0;
		};
/* End PBXSourcesBuildPhase section */

/* Begin PBXTargetDependency section */
		132DF7F61AAB736A00386405 /* PBXTargetDependency */ = {
			isa = PBXTargetDependency;
			target = 132DF7DE1AAB736A00386405 /* SideMenuController */;
			targetProxy = 132DF7F51AAB736A00386405 /* PBXContainerItemProxy */;
		};
/* End PBXTargetDependency section */

/* Begin PBXVariantGroup section */
		132DF7E81AAB736A00386405 /* Main.storyboard */ = {
			isa = PBXVariantGroup;
			children = (
				132DF7E91AAB736A00386405 /* Base */,
			);
			name = Main.storyboard;
			sourceTree = "<group>";
		};
		132DF7ED1AAB736A00386405 /* LaunchScreen.xib */ = {
			isa = PBXVariantGroup;
			children = (
				132DF7EE1AAB736A00386405 /* Base */,
			);
			name = LaunchScreen.xib;
			sourceTree = "<group>";
		};
/* End PBXVariantGroup section */

/* Begin XCBuildConfiguration section */
		132DF7FC1AAB736A00386405 /* Debug */ = {
			isa = XCBuildConfiguration;
			buildSettings = {
				ALWAYS_SEARCH_USER_PATHS = NO;
				CLANG_CXX_LANGUAGE_STANDARD = "gnu++0x";
				CLANG_CXX_LIBRARY = "libc++";
				CLANG_ENABLE_MODULES = YES;
				CLANG_ENABLE_OBJC_ARC = YES;
				CLANG_WARN_BOOL_CONVERSION = YES;
				CLANG_WARN_CONSTANT_CONVERSION = YES;
				CLANG_WARN_DIRECT_OBJC_ISA_USAGE = YES_ERROR;
				CLANG_WARN_EMPTY_BODY = YES;
				CLANG_WARN_ENUM_CONVERSION = YES;
				CLANG_WARN_INT_CONVERSION = YES;
				CLANG_WARN_OBJC_ROOT_CLASS = YES_ERROR;
				CLANG_WARN_UNREACHABLE_CODE = YES;
				CLANG_WARN__DUPLICATE_METHOD_MATCH = YES;
				"CODE_SIGN_IDENTITY[sdk=iphoneos*]" = "iPhone Developer";
				COPY_PHASE_STRIP = NO;
				ENABLE_STRICT_OBJC_MSGSEND = YES;
				GCC_C_LANGUAGE_STANDARD = gnu99;
				GCC_DYNAMIC_NO_PIC = NO;
				GCC_OPTIMIZATION_LEVEL = 0;
				GCC_PREPROCESSOR_DEFINITIONS = (
					"DEBUG=1",
					"$(inherited)",
				);
				GCC_SYMBOLS_PRIVATE_EXTERN = NO;
				GCC_WARN_64_TO_32_BIT_CONVERSION = YES;
				GCC_WARN_ABOUT_RETURN_TYPE = YES_ERROR;
				GCC_WARN_UNDECLARED_SELECTOR = YES;
				GCC_WARN_UNINITIALIZED_AUTOS = YES_AGGRESSIVE;
				GCC_WARN_UNUSED_FUNCTION = YES;
				GCC_WARN_UNUSED_VARIABLE = YES;
				IPHONEOS_DEPLOYMENT_TARGET = 8.1;
				MTL_ENABLE_DEBUG_INFO = YES;
				ONLY_ACTIVE_ARCH = YES;
				SDKROOT = iphoneos;
				SWIFT_OPTIMIZATION_LEVEL = "-Onone";
			};
			name = Debug;
		};
		132DF7FD1AAB736A00386405 /* Release */ = {
			isa = XCBuildConfiguration;
			buildSettings = {
				ALWAYS_SEARCH_USER_PATHS = NO;
				CLANG_CXX_LANGUAGE_STANDARD = "gnu++0x";
				CLANG_CXX_LIBRARY = "libc++";
				CLANG_ENABLE_MODULES = YES;
				CLANG_ENABLE_OBJC_ARC = YES;
				CLANG_WARN_BOOL_CONVERSION = YES;
				CLANG_WARN_CONSTANT_CONVERSION = YES;
				CLANG_WARN_DIRECT_OBJC_ISA_USAGE = YES_ERROR;
				CLANG_WARN_EMPTY_BODY = YES;
				CLANG_WARN_ENUM_CONVERSION = YES;
				CLANG_WARN_INT_CONVERSION = YES;
				CLANG_WARN_OBJC_ROOT_CLASS = YES_ERROR;
				CLANG_WARN_UNREACHABLE_CODE = YES;
				CLANG_WARN__DUPLICATE_METHOD_MATCH = YES;
				"CODE_SIGN_IDENTITY[sdk=iphoneos*]" = "iPhone Developer";
				COPY_PHASE_STRIP = YES;
				ENABLE_NS_ASSERTIONS = NO;
				ENABLE_STRICT_OBJC_MSGSEND = YES;
				GCC_C_LANGUAGE_STANDARD = gnu99;
				GCC_WARN_64_TO_32_BIT_CONVERSION = YES;
				GCC_WARN_ABOUT_RETURN_TYPE = YES_ERROR;
				GCC_WARN_UNDECLARED_SELECTOR = YES;
				GCC_WARN_UNINITIALIZED_AUTOS = YES_AGGRESSIVE;
				GCC_WARN_UNUSED_FUNCTION = YES;
				GCC_WARN_UNUSED_VARIABLE = YES;
				IPHONEOS_DEPLOYMENT_TARGET = 8.1;
				MTL_ENABLE_DEBUG_INFO = NO;
				SDKROOT = iphoneos;
				VALIDATE_PRODUCT = YES;
			};
			name = Release;
		};
		132DF7FF1AAB736A00386405 /* Debug */ = {
			isa = XCBuildConfiguration;
			buildSettings = {
				ASSETCATALOG_COMPILER_APPICON_NAME = AppIcon;
				INFOPLIST_FILE = SideMenuController/Info.plist;
				LD_RUNPATH_SEARCH_PATHS = "$(inherited) @executable_path/Frameworks";
				PRODUCT_NAME = "$(TARGET_NAME)";
			};
			name = Debug;
		};
		132DF8001AAB736A00386405 /* Release */ = {
			isa = XCBuildConfiguration;
			buildSettings = {
				ASSETCATALOG_COMPILER_APPICON_NAME = AppIcon;
				INFOPLIST_FILE = SideMenuController/Info.plist;
				LD_RUNPATH_SEARCH_PATHS = "$(inherited) @executable_path/Frameworks";
				PRODUCT_NAME = "$(TARGET_NAME)";
			};
			name = Release;
		};
		132DF8021AAB736A00386405 /* Debug */ = {
			isa = XCBuildConfiguration;
			buildSettings = {
				BUNDLE_LOADER = "$(TEST_HOST)";
				FRAMEWORK_SEARCH_PATHS = (
					"$(SDKROOT)/Developer/Library/Frameworks",
					"$(inherited)",
				);
				GCC_PREPROCESSOR_DEFINITIONS = (
					"DEBUG=1",
					"$(inherited)",
				);
				INFOPLIST_FILE = SideMenuControllerTests/Info.plist;
				LD_RUNPATH_SEARCH_PATHS = "$(inherited) @executable_path/Frameworks @loader_path/Frameworks";
				PRODUCT_NAME = "$(TARGET_NAME)";
				TEST_HOST = "$(BUILT_PRODUCTS_DIR)/SideMenuController.app/SideMenuController";
			};
			name = Debug;
		};
		132DF8031AAB736A00386405 /* Release */ = {
			isa = XCBuildConfiguration;
			buildSettings = {
				BUNDLE_LOADER = "$(TEST_HOST)";
				FRAMEWORK_SEARCH_PATHS = (
					"$(SDKROOT)/Developer/Library/Frameworks",
					"$(inherited)",
				);
				INFOPLIST_FILE = SideMenuControllerTests/Info.plist;
				LD_RUNPATH_SEARCH_PATHS = "$(inherited) @executable_path/Frameworks @loader_path/Frameworks";
				PRODUCT_NAME = "$(TARGET_NAME)";
				TEST_HOST = "$(BUILT_PRODUCTS_DIR)/SideMenuController.app/SideMenuController";
			};
			name = Release;
		};
/* End XCBuildConfiguration section */

/* Begin XCConfigurationList section */
		132DF7DA1AAB736A00386405 /* Build configuration list for PBXProject "SideMenuController" */ = {
			isa = XCConfigurationList;
			buildConfigurations = (
				132DF7FC1AAB736A00386405 /* Debug */,
				132DF7FD1AAB736A00386405 /* Release */,
			);
			defaultConfigurationIsVisible = 0;
			defaultConfigurationName = Release;
		};
		132DF7FE1AAB736A00386405 /* Build configuration list for PBXNativeTarget "SideMenuController" */ = {
			isa = XCConfigurationList;
			buildConfigurations = (
				132DF7FF1AAB736A00386405 /* Debug */,
				132DF8001AAB736A00386405 /* Release */,
			);
			defaultConfigurationIsVisible = 0;
			defaultConfigurationName = Release;
		};
		132DF8011AAB736A00386405 /* Build configuration list for PBXNativeTarget "SideMenuControllerTests" */ = {
			isa = XCConfigurationList;
			buildConfigurations = (
				132DF8021AAB736A00386405 /* Debug */,
				132DF8031AAB736A00386405 /* Release */,
			);
			defaultConfigurationIsVisible = 0;
			defaultConfigurationName = Release;
		};
/* End XCConfigurationList section */
	};
	rootObject = 132DF7D71AAB736A00386405 /* Project object */;
}
